
Microsoft Visual Studio Solution File, Format Version 12.00
# Visual Studio Version 16
VisualStudioVersion = 16.0.29920.165
MinimumVisualStudioVersion = 10.0.40219.1
Project("{8BC9CEB8-8B4A-11D0-8D11-00A0C91BC942}") = "阶乘数码", "阶乘数码\阶乘数码.vcxproj", "{3937CFE2-5BA6-46AE-838F-DCF737F845F9}"
EndProject
Global
	GlobalSection(SolutionConfigurationPlatforms) = preSolution
		Debug|x64 = Debug|x64
		Debug|x86 = Debug|x86
		Release|x64 = Release|x64
		Release|x86 = Release|x86
	EndGlobalSection
	GlobalSection(ProjectConfigurationPlatforms) = postSolution
		{3937CFE2-5BA6-46AE-838F-DCF737F845F9}.Debug|x64.ActiveCfg = Debug|x64
		{3937CFE2-5BA6-46AE-838F-DCF737F845F9}.Debug|x64.Build.0 = Debug|x64
		{3937CFE2-5BA6-46AE-838F-DCF737F845F9}.Debug|x86.ActiveCfg = Debug|Win32
		{3937CFE2-5BA6-46AE-838F-DCF737F845F9}.Debug|x86.Build.0 = Debug|Win32
		{3937CFE2-5BA6-46AE-838F-DCF737F845F9}.Release|x64.ActiveCfg = Release|x64
		{3937CFE2-5BA6-46AE-838F-DCF737F845F9}.Release|x64.Build.0 = Release|x64
		{3937CFE2-5BA6-46AE-838F-DCF737F845F9}.Release|x86.ActiveCfg = Release|Win32
		{3937CFE2-5BA6-46AE-838F-DCF737F845F9}.Release|x86.Build.0 = Release|Win32
	EndGlobalSection
	GlobalSection(SolutionProperties) = preSolution
		HideSolutionNode = FALSE
	EndGlobalSection
	GlobalSection(ExtensibilityGlobals) = postSolution
		SolutionGuid = {029504EC-BF04-4202-B5E2-2C54F2C60E8C}
	EndGlobalSection
EndGlobal
