<?xml version="1.0" encoding="utf-8"?>
<Project ToolsVersion="4.0" xmlns="http://schemas.microsoft.com/developer/msbuild/2003">
  <ItemGroup>
    <Filter Include="源文件">
      <UniqueIdentifier>{4FC737F1-C7A5-4376-A066-2A32D752A2FF}</UniqueIdentifier>
      <Extensions>cpp;c;cc;cxx;def;odl;idl;hpj;bat;asm;asmx</Extensions>
    </Filter>
    <Filter Include="头文件">
      <UniqueIdentifier>{93995380-89BD-4b04-88EB-625FBE52EBFB}</UniqueIdentifier>
      <Extensions>h;hh;hpp;hxx;hm;inl;inc;ipp;xsd</Extensions>
    </Filter>
    <Filter Include="资源文件">
      <UniqueIdentifier>{67DA6AB6-F800-4c08-8B7A-83BB121AAD01}</UniqueIdentifier>
      <Extensions>rc;ico;cur;bmp;dlg;rc2;rct;bin;rgs;gif;jpg;jpeg;jpe;resx;tiff;tif;png;wav;mfcribbon-ms</Extensions>
    </Filter>
  </ItemGroup>
  <ItemGroup>
    <ClInclude Include="..\..\Code\Merdog-master\merdog\include\block.hpp">
      <Filter>头文件</Filter>
    </ClInclude>
    <ClInclude Include="..\..\Code\Merdog-master\merdog\include\compound_box.hpp">
      <Filter>头文件</Filter>
    </ClInclude>
    <ClInclude Include="..\..\Code\Merdog-master\merdog\include\environment.hpp">
      <Filter>头文件</Filter>
    </ClInclude>
    <ClInclude Include="..\..\Code\Merdog-master\merdog\include\error.hpp">
      <Filter>头文件</Filter>
    </ClInclude>
    <ClInclude Include="..\..\Code\Merdog-master\merdog\include\expr.hpp">
      <Filter>头文件</Filter>
    </ClInclude>
    <ClInclude Include="..\..\Code\Merdog-master\merdog\include\function.hpp">
      <Filter>头文件</Filter>
    </ClInclude>
    <ClInclude Include="..\..\Code\Merdog-master\merdog\include\if.hpp">
      <Filter>头文件</Filter>
    </ClInclude>
    <ClInclude Include="..\..\Code\Merdog-master\merdog\include\lexer.hpp">
      <Filter>头文件</Filter>
    </ClInclude>
    <ClInclude Include="..\..\Code\Merdog-master\merdog\include\loop_statement.hpp">
      <Filter>头文件</Filter>
    </ClInclude>
    <ClInclude Include="..\..\Code\Merdog-master\merdog\include\memory.hpp">
      <Filter>头文件</Filter>
    </ClInclude>
    <ClInclude Include="..\..\Code\Merdog-master\merdog\include\namespace.hpp">
      <Filter>头文件</Filter>
    </ClInclude>
    <ClInclude Include="..\..\Code\Merdog-master\merdog\include\object.hpp">
      <Filter>头文件</Filter>
    </ClInclude>
    <ClInclude Include="..\..\Code\Merdog-master\merdog\include\parser.hpp">
      <Filter>头文件</Filter>
    </ClInclude>
    <ClInclude Include="..\..\Code\Merdog-master\merdog\include\parser_node.hpp">
      <Filter>头文件</Filter>
    </ClInclude>
    <ClInclude Include="..\..\Code\Merdog-master\merdog\include\type.hpp">
      <Filter>头文件</Filter>
    </ClInclude>
    <ClInclude Include="..\..\Code\Merdog-master\merdog\include\value.hpp">
      <Filter>头文件</Filter>
    </ClInclude>
    <ClInclude Include="..\..\Code\Merdog-master\merdog\include\word_record.hpp">
      <Filter>头文件</Filter>
    </ClInclude>
    <ClInclude Include="..\..\Code\Merdog-master\merdog\include\clib\maths.hpp">
      <Filter>头文件</Filter>
    </ClInclude>
    <ClInclude Include="..\..\Code\Merdog-master\merdog\include\clib\merdog_io.hpp">
      <Filter>头文件</Filter>
    </ClInclude>
    <ClInclude Include="..\..\Code\Merdog-master\merdog\include\clib\sys_class.hpp">
      <Filter>头文件</Filter>
    </ClInclude>
    <ClInclude Include="..\..\Code\Merdog-master\merdog\include\clib\sys_method.hpp">
      <Filter>头文件</Filter>
    </ClInclude>
    <ClInclude Include="..\..\Code\Merdog-master\merdog\include\clib\utility_class.hpp">
      <Filter>头文件</Filter>
    </ClInclude>
  </ItemGroup>
  <ItemGroup>
    <ClCompile Include="..\..\Code\Merdog-master\merdog\source\block.cpp">
      <Filter>源文件</Filter>
    </ClCompile>
    <ClCompile Include="..\..\Code\Merdog-master\merdog\source\compound_box.cpp">
      <Filter>源文件</Filter>
    </ClCompile>
    <ClCompile Include="..\..\Code\Merdog-master\merdog\source\environment.cpp">
      <Filter>源文件</Filter>
    </ClCompile>
    <ClCompile Include="..\..\Code\Merdog-master\merdog\source\error.cpp">
      <Filter>源文件</Filter>
    </ClCompile>
    <ClCompile Include="..\..\Code\Merdog-master\merdog\source\expr.cpp">
      <Filter>源文件</Filter>
    </ClCompile>
    <ClCompile Include="..\..\Code\Merdog-master\merdog\source\function.cpp">
      <Filter>源文件</Filter>
    </ClCompile>
    <ClCompile Include="..\..\Code\Merdog-master\merdog\source\if.cpp">
      <Filter>源文件</Filter>
    </ClCompile>
    <ClCompile Include="..\..\Code\Merdog-master\merdog\source\lexer.cpp">
      <Filter>源文件</Filter>
    </ClCompile>
    <ClCompile Include="..\..\Code\Merdog-master\merdog\source\loop_statement.cpp">
      <Filter>源文件</Filter>
    </ClCompile>
    <ClCompile Include="..\..\Code\Merdog-master\merdog\source\main.cpp">
      <Filter>源文件</Filter>
    </ClCompile>
    <ClCompile Include="..\..\Code\Merdog-master\merdog\source\maths.cpp">
      <Filter>源文件</Filter>
    </ClCompile>
    <ClCompile Include="..\..\Code\Merdog-master\merdog\source\memory.cpp">
      <Filter>源文件</Filter>
    </ClCompile>
    <ClCompile Include="..\..\Code\Merdog-master\merdog\source\merdog_io.cpp">
      <Filter>源文件</Filter>
    </ClCompile>
    <ClCompile Include="..\..\Code\Merdog-master\merdog\source\namespace.cpp">
      <Filter>源文件</Filter>
    </ClCompile>
    <ClCompile Include="..\..\Code\Merdog-master\merdog\source\object.cpp">
      <Filter>源文件</Filter>
    </ClCompile>
    <ClCompile Include="..\..\Code\Merdog-master\merdog\source\parser.cpp">
      <Filter>源文件</Filter>
    </ClCompile>
    <ClCompile Include="..\..\Code\Merdog-master\merdog\source\sys_class.cpp">
      <Filter>源文件</Filter>
    </ClCompile>
    <ClCompile Include="..\..\Code\Merdog-master\merdog\source\type.cpp">
      <Filter>源文件</Filter>
    </ClCompile>
    <ClCompile Include="..\..\Code\Merdog-master\merdog\source\value.cpp">
      <Filter>源文件</Filter>
    </ClCompile>
    <ClCompile Include="..\..\Code\Merdog-master\merdog\source\word_record.cpp">
      <Filter>源文件</Filter>
    </ClCompile>
  </ItemGroup>
</Project>