<?xml version="1.0" encoding="utf-8"?>
<Project ToolsVersion="4.0" xmlns="http://schemas.microsoft.com/developer/msbuild/2003">
  <ItemGroup>
    <Filter Include="源文件">
      <UniqueIdentifier>{4FC737F1-C7A5-4376-A066-2A32D752A2FF}</UniqueIdentifier>
      <Extensions>cpp;c;cc;cxx;def;odl;idl;hpj;bat;asm;asmx</Extensions>
    </Filter>
    <Filter Include="头文件">
      <UniqueIdentifier>{93995380-89BD-4b04-88EB-625FBE52EBFB}</UniqueIdentifier>
      <Extensions>h;hh;hpp;hxx;hm;inl;inc;ipp;xsd</Extensions>
    </Filter>
    <Filter Include="资源文件">
      <UniqueIdentifier>{67DA6AB6-F800-4c08-8B7A-83BB121AAD01}</UniqueIdentifier>
      <Extensions>rc;ico;cur;bmp;dlg;rc2;rct;bin;rgs;gif;jpg;jpeg;jpe;resx;tiff;tif;png;wav;mfcribbon-ms</Extensions>
    </Filter>
  </ItemGroup>
  <ItemGroup>
    <ClInclude Include="Base\BalanceStack.h">
      <Filter>头文件</Filter>
    </ClInclude>
    <ClInclude Include="Base\Count.h">
      <Filter>头文件</Filter>
    </ClInclude>
    <ClInclude Include="Base\equation.h">
      <Filter>头文件</Filter>
    </ClInclude>
    <ClInclude Include="Base\factorization.h">
      <Filter>头文件</Filter>
    </ClInclude>
    <ClInclude Include="Base\fraction.h">
      <Filter>头文件</Filter>
    </ClInclude>
    <ClInclude Include="Base\monomial.h">
      <Filter>头文件</Filter>
    </ClInclude>
    <ClInclude Include="Base\polynomial.h">
      <Filter>头文件</Filter>
    </ClInclude>
    <ClInclude Include="Base\rational_fraction.h">
      <Filter>头文件</Filter>
    </ClInclude>
    <ClInclude Include="Base\simple_algorithm.h">
      <Filter>头文件</Filter>
    </ClInclude>
  </ItemGroup>
  <ItemGroup>
    <None Include="Base\make.sh">
      <Filter>头文件</Filter>
    </None>
    <None Include="Base\CPP\make.bat">
      <Filter>头文件</Filter>
    </None>
  </ItemGroup>
  <ItemGroup>
    <Text Include="Base\源文件列表.txt">
      <Filter>头文件</Filter>
    </Text>
  </ItemGroup>
  <ItemGroup>
    <ClCompile Include="Base\CPP\BalanceStack.cpp">
      <Filter>头文件</Filter>
    </ClCompile>
    <ClCompile Include="Base\CPP\Count.cpp">
      <Filter>头文件</Filter>
    </ClCompile>
    <ClCompile Include="Base\CPP\equation.cpp">
      <Filter>头文件</Filter>
    </ClCompile>
    <ClCompile Include="Base\CPP\factorization.cpp">
      <Filter>头文件</Filter>
    </ClCompile>
    <ClCompile Include="Base\CPP\fraction.cpp">
      <Filter>头文件</Filter>
    </ClCompile>
    <ClCompile Include="Base\CPP\main.cpp">
      <Filter>头文件</Filter>
    </ClCompile>
    <ClCompile Include="Base\CPP\monomial.cpp">
      <Filter>头文件</Filter>
    </ClCompile>
    <ClCompile Include="Base\CPP\polynomial.cpp">
      <Filter>头文件</Filter>
    </ClCompile>
    <ClCompile Include="Base\CPP\rational_fraction.cpp">
      <Filter>头文件</Filter>
    </ClCompile>
    <ClCompile Include="Base\CPP\simple_algorithm.cpp">
      <Filter>头文件</Filter>
    </ClCompile>
  </ItemGroup>
</Project>