
Microsoft Visual Studio Solution File, Format Version 12.00
# Visual Studio Version 16
VisualStudioVersion = 16.0.30907.101
MinimumVisualStudioVersion = 10.0.40219.1
Project("{8BC9CEB8-8B4A-11D0-8D11-00A0C91BC942}") = "P2433小学数学N合1", "P2433小学数学N合1\P2433小学数学N合1.vcxproj", "{F10A603D-07CA-42FD-8AE5-E93E92CF23C0}"
EndProject
Global
	GlobalSection(SolutionConfigurationPlatforms) = preSolution
		Debug|x64 = Debug|x64
		Debug|x86 = Debug|x86
		Release|x64 = Release|x64
		Release|x86 = Release|x86
	EndGlobalSection
	GlobalSection(ProjectConfigurationPlatforms) = postSolution
		{F10A603D-07CA-42FD-8AE5-E93E92CF23C0}.Debug|x64.ActiveCfg = Debug|x64
		{F10A603D-07CA-42FD-8AE5-E93E92CF23C0}.Debug|x64.Build.0 = Debug|x64
		{F10A603D-07CA-42FD-8AE5-E93E92CF23C0}.Debug|x86.ActiveCfg = Debug|Win32
		{F10A603D-07CA-42FD-8AE5-E93E92CF23C0}.Debug|x86.Build.0 = Debug|Win32
		{F10A603D-07CA-42FD-8AE5-E93E92CF23C0}.Release|x64.ActiveCfg = Release|x64
		{F10A603D-07CA-42FD-8AE5-E93E92CF23C0}.Release|x64.Build.0 = Release|x64
		{F10A603D-07CA-42FD-8AE5-E93E92CF23C0}.Release|x86.ActiveCfg = Release|Win32
		{F10A603D-07CA-42FD-8AE5-E93E92CF23C0}.Release|x86.Build.0 = Release|Win32
	EndGlobalSection
	GlobalSection(SolutionProperties) = preSolution
		HideSolutionNode = FALSE
	EndGlobalSection
	GlobalSection(ExtensibilityGlobals) = postSolution
		SolutionGuid = {DC3CDD99-010F-44A8-A277-BE7D2D6673BD}
	EndGlobalSection
EndGlobal
