
Microsoft Visual Studio Solution File, Format Version 12.00
# Visual Studio Version 16
VisualStudioVersion = 16.0.30907.101
MinimumVisualStudioVersion = 10.0.40219.1
Project("{8BC9CEB8-8B4A-11D0-8D11-00A0C91BC942}") = "P3371单源最短路径", "P3371单源最短路径\P3371单源最短路径.vcxproj", "{98688D4B-1DBF-4CC9-8F93-DDFA707C9713}"
EndProject
Global
	GlobalSection(SolutionConfigurationPlatforms) = preSolution
		Debug|x64 = Debug|x64
		Debug|x86 = Debug|x86
		Release|x64 = Release|x64
		Release|x86 = Release|x86
	EndGlobalSection
	GlobalSection(ProjectConfigurationPlatforms) = postSolution
		{98688D4B-1DBF-4CC9-8F93-DDFA707C9713}.Debug|x64.ActiveCfg = Debug|x64
		{98688D4B-1DBF-4CC9-8F93-DDFA707C9713}.Debug|x64.Build.0 = Debug|x64
		{98688D4B-1DBF-4CC9-8F93-DDFA707C9713}.Debug|x86.ActiveCfg = Debug|Win32
		{98688D4B-1DBF-4CC9-8F93-DDFA707C9713}.Debug|x86.Build.0 = Debug|Win32
		{98688D4B-1DBF-4CC9-8F93-DDFA707C9713}.Release|x64.ActiveCfg = Release|x64
		{98688D4B-1DBF-4CC9-8F93-DDFA707C9713}.Release|x64.Build.0 = Release|x64
		{98688D4B-1DBF-4CC9-8F93-DDFA707C9713}.Release|x86.ActiveCfg = Release|Win32
		{98688D4B-1DBF-4CC9-8F93-DDFA707C9713}.Release|x86.Build.0 = Release|Win32
	EndGlobalSection
	GlobalSection(SolutionProperties) = preSolution
		HideSolutionNode = FALSE
	EndGlobalSection
	GlobalSection(ExtensibilityGlobals) = postSolution
		SolutionGuid = {4082AE65-6624-4E89-868B-AD5534670BDD}
	EndGlobalSection
EndGlobal
