
Microsoft Visual Studio Solution File, Format Version 12.00
# Visual Studio Version 16
VisualStudioVersion = 16.0.30907.101
MinimumVisualStudioVersion = 10.0.40219.1
Project("{8BC9CEB8-8B4A-11D0-8D11-00A0C91BC942}") = "竞赛", "竞赛\竞赛.vcxproj", "{9BE4D7B1-6CCB-41FB-8365-FAC3626141B0}"
EndProject
Global
	GlobalSection(SolutionConfigurationPlatforms) = preSolution
		Debug|x64 = Debug|x64
		Debug|x86 = Debug|x86
		Release|x64 = Release|x64
		Release|x86 = Release|x86
	EndGlobalSection
	GlobalSection(ProjectConfigurationPlatforms) = postSolution
		{9BE4D7B1-6CCB-41FB-8365-FAC3626141B0}.Debug|x64.ActiveCfg = Debug|x64
		{9BE4D7B1-6CCB-41FB-8365-FAC3626141B0}.Debug|x64.Build.0 = Debug|x64
		{9BE4D7B1-6CCB-41FB-8365-FAC3626141B0}.Debug|x86.ActiveCfg = Debug|Win32
		{9BE4D7B1-6CCB-41FB-8365-FAC3626141B0}.Debug|x86.Build.0 = Debug|Win32
		{9BE4D7B1-6CCB-41FB-8365-FAC3626141B0}.Release|x64.ActiveCfg = Release|x64
		{9BE4D7B1-6CCB-41FB-8365-FAC3626141B0}.Release|x64.Build.0 = Release|x64
		{9BE4D7B1-6CCB-41FB-8365-FAC3626141B0}.Release|x86.ActiveCfg = Release|Win32
		{9BE4D7B1-6CCB-41FB-8365-FAC3626141B0}.Release|x86.Build.0 = Release|Win32
	EndGlobalSection
	GlobalSection(SolutionProperties) = preSolution
		HideSolutionNode = FALSE
	EndGlobalSection
	GlobalSection(ExtensibilityGlobals) = postSolution
		SolutionGuid = {D208F4E4-C258-4E58-A6D9-D4C6D73AD3ED}
	EndGlobalSection
EndGlobal
