
Microsoft Visual Studio Solution File, Format Version 12.00
# Visual Studio Version 16
VisualStudioVersion = 16.0.30907.101
MinimumVisualStudioVersion = 10.0.40219.1
Project("{8BC9CEB8-8B4A-11D0-8D11-00A0C91BC942}") = "P5706再分肥宅水", "P5706再分肥宅水\P5706再分肥宅水.vcxproj", "{963D474A-F899-4625-8DDE-A5C171302B96}"
EndProject
Global
	GlobalSection(SolutionConfigurationPlatforms) = preSolution
		Debug|x64 = Debug|x64
		Debug|x86 = Debug|x86
		Release|x64 = Release|x64
		Release|x86 = Release|x86
	EndGlobalSection
	GlobalSection(ProjectConfigurationPlatforms) = postSolution
		{963D474A-F899-4625-8DDE-A5C171302B96}.Debug|x64.ActiveCfg = Debug|x64
		{963D474A-F899-4625-8DDE-A5C171302B96}.Debug|x64.Build.0 = Debug|x64
		{963D474A-F899-4625-8DDE-A5C171302B96}.Debug|x86.ActiveCfg = Debug|Win32
		{963D474A-F899-4625-8DDE-A5C171302B96}.Debug|x86.Build.0 = Debug|Win32
		{963D474A-F899-4625-8DDE-A5C171302B96}.Release|x64.ActiveCfg = Release|x64
		{963D474A-F899-4625-8DDE-A5C171302B96}.Release|x64.Build.0 = Release|x64
		{963D474A-F899-4625-8DDE-A5C171302B96}.Release|x86.ActiveCfg = Release|Win32
		{963D474A-F899-4625-8DDE-A5C171302B96}.Release|x86.Build.0 = Release|Win32
	EndGlobalSection
	GlobalSection(SolutionProperties) = preSolution
		HideSolutionNode = FALSE
	EndGlobalSection
	GlobalSection(ExtensibilityGlobals) = postSolution
		SolutionGuid = {947779F1-7051-46E8-BED9-0CFDF4D64D56}
	EndGlobalSection
EndGlobal
