
Microsoft Visual Studio Solution File, Format Version 12.00
# Visual Studio Version 16
VisualStudioVersion = 16.0.29920.165
MinimumVisualStudioVersion = 10.0.40219.1
Project("{8BC9CEB8-8B4A-11D0-8D11-00A0C91BC942}") = "ConsoleApplication35", "ConsoleApplication35\ConsoleApplication35.vcxproj", "{8DA5CAE9-B392-4AE0-8692-2710DE33642F}"
EndProject
Global
	GlobalSection(SolutionConfigurationPlatforms) = preSolution
		Debug|x64 = Debug|x64
		Debug|x86 = Debug|x86
		Release|x64 = Release|x64
		Release|x86 = Release|x86
	EndGlobalSection
	GlobalSection(ProjectConfigurationPlatforms) = postSolution
		{8DA5CAE9-B392-4AE0-8692-2710DE33642F}.Debug|x64.ActiveCfg = Debug|x64
		{8DA5CAE9-B392-4AE0-8692-2710DE33642F}.Debug|x64.Build.0 = Debug|x64
		{8DA5CAE9-B392-4AE0-8692-2710DE33642F}.Debug|x86.ActiveCfg = Debug|Win32
		{8DA5CAE9-B392-4AE0-8692-2710DE33642F}.Debug|x86.Build.0 = Debug|Win32
		{8DA5CAE9-B392-4AE0-8692-2710DE33642F}.Release|x64.ActiveCfg = Release|x64
		{8DA5CAE9-B392-4AE0-8692-2710DE33642F}.Release|x64.Build.0 = Release|x64
		{8DA5CAE9-B392-4AE0-8692-2710DE33642F}.Release|x86.ActiveCfg = Release|Win32
		{8DA5CAE9-B392-4AE0-8692-2710DE33642F}.Release|x86.Build.0 = Release|Win32
	EndGlobalSection
	GlobalSection(SolutionProperties) = preSolution
		HideSolutionNode = FALSE
	EndGlobalSection
	GlobalSection(ExtensibilityGlobals) = postSolution
		SolutionGuid = {A05DC52D-E533-4EE4-BDD9-8B7B0F66C42D}
	EndGlobalSection
EndGlobal
