
Microsoft Visual Studio Solution File, Format Version 12.00
# Visual Studio Version 16
VisualStudioVersion = 16.0.29920.165
MinimumVisualStudioVersion = 10.0.40219.1
Project("{8BC9CEB8-8B4A-11D0-8D11-00A0C91BC942}") = "ConsoleApplication27", "ConsoleApplication27\ConsoleApplication27.vcxproj", "{747AF314-8368-4515-B56E-F673E3376D36}"
EndProject
Global
	GlobalSection(SolutionConfigurationPlatforms) = preSolution
		Debug|x64 = Debug|x64
		Debug|x86 = Debug|x86
		Release|x64 = Release|x64
		Release|x86 = Release|x86
	EndGlobalSection
	GlobalSection(ProjectConfigurationPlatforms) = postSolution
		{747AF314-8368-4515-B56E-F673E3376D36}.Debug|x64.ActiveCfg = Debug|x64
		{747AF314-8368-4515-B56E-F673E3376D36}.Debug|x64.Build.0 = Debug|x64
		{747AF314-8368-4515-B56E-F673E3376D36}.Debug|x86.ActiveCfg = Debug|Win32
		{747AF314-8368-4515-B56E-F673E3376D36}.Debug|x86.Build.0 = Debug|Win32
		{747AF314-8368-4515-B56E-F673E3376D36}.Release|x64.ActiveCfg = Release|x64
		{747AF314-8368-4515-B56E-F673E3376D36}.Release|x64.Build.0 = Release|x64
		{747AF314-8368-4515-B56E-F673E3376D36}.Release|x86.ActiveCfg = Release|Win32
		{747AF314-8368-4515-B56E-F673E3376D36}.Release|x86.Build.0 = Release|Win32
	EndGlobalSection
	GlobalSection(SolutionProperties) = preSolution
		HideSolutionNode = FALSE
	EndGlobalSection
	GlobalSection(ExtensibilityGlobals) = postSolution
		SolutionGuid = {5351DA61-7BA4-4C1D-A6AA-61FCA3C45D97}
	EndGlobalSection
EndGlobal
